
Microsoft Visual Studio Solution File, Format Version 12.00
# Visual Studio Version 17
VisualStudioVersion = 17.4.33213.308
MinimumVisualStudioVersion = 10.0.40219.1
Project("{FAE04EC0-301F-11D3-BF4B-00C04F79EFBC}") = "DemoUno", "DemoUno\DemoUno.csproj", "{EB1D4E65-FA13-4F10-A9C6-50EDEE1BE3CA}"
EndProject
Project("{FAE04EC0-301F-11D3-BF4B-00C04F79EFBC}") = "DemoDos", "DemoDos\DemoDos.csproj", "{A6B1C8E2-8FD6-47F7-A0F6-42C08954930D}"
EndProject
Project("{FAE04EC0-301F-11D3-BF4B-00C04F79EFBC}") = "DemoTres", "DemoTres\DemoTres.csproj", "{7722881B-F21A-411F-8B30-237E4F1BB6E0}"
EndProject
Project("{FAE04EC0-301F-11D3-BF4B-00C04F79EFBC}") = "Demo4", "Demo4\Demo4.csproj", "{CFB8E3C2-79EE-436A-85CF-D04261CE4872}"
EndProject
Project("{FAE04EC0-301F-11D3-BF4B-00C04F79EFBC}") = "DemoCinco", "DemoCinco\DemoCinco.csproj", "{345984BD-EE2E-4254-916F-B307650E8CD2}"
EndProject
Project("{FAE04EC0-301F-11D3-BF4B-00C04F79EFBC}") = "DemoSeisServer", "DemoSeisServer\DemoSeisServer.csproj", "{2B05244E-BA61-44CA-AA54-CDA0BCAAF82F}"
EndProject
Project("{FAE04EC0-301F-11D3-BF4B-00C04F79EFBC}") = "DemoSeisClient", "DemoSeisClient\DemoSeisClient.csproj", "{BC6CD2AC-C4B3-4E9E-B51C-066FF2DEACC6}"
EndProject
Project("{FAE04EC0-301F-11D3-BF4B-00C04F79EFBC}") = "DemoSiete", "DemoSiete\DemoSiete.csproj", "{C7A39A89-ECEE-45BA-9A4B-8AAF658FBF90}"
EndProject
Project("{FAE04EC0-301F-11D3-BF4B-00C04F79EFBC}") = "DemoOcho", "DemoOcho\DemoOcho.csproj", "{238500DA-4852-4898-ACCD-241ADB822686}"
	ProjectSection(ProjectDependencies) = postProject
		{C7A39A89-ECEE-45BA-9A4B-8AAF658FBF90} = {C7A39A89-ECEE-45BA-9A4B-8AAF658FBF90}
	EndProjectSection
EndProject
Global
	GlobalSection(SolutionConfigurationPlatforms) = preSolution
		Debug|Any CPU = Debug|Any CPU
		Release|Any CPU = Release|Any CPU
	EndGlobalSection
	GlobalSection(ProjectConfigurationPlatforms) = postSolution
		{EB1D4E65-FA13-4F10-A9C6-50EDEE1BE3CA}.Debug|Any CPU.ActiveCfg = Debug|Any CPU
		{EB1D4E65-FA13-4F10-A9C6-50EDEE1BE3CA}.Debug|Any CPU.Build.0 = Debug|Any CPU
		{EB1D4E65-FA13-4F10-A9C6-50EDEE1BE3CA}.Release|Any CPU.ActiveCfg = Release|Any CPU
		{EB1D4E65-FA13-4F10-A9C6-50EDEE1BE3CA}.Release|Any CPU.Build.0 = Release|Any CPU
		{A6B1C8E2-8FD6-47F7-A0F6-42C08954930D}.Debug|Any CPU.ActiveCfg = Debug|Any CPU
		{A6B1C8E2-8FD6-47F7-A0F6-42C08954930D}.Debug|Any CPU.Build.0 = Debug|Any CPU
		{A6B1C8E2-8FD6-47F7-A0F6-42C08954930D}.Release|Any CPU.ActiveCfg = Release|Any CPU
		{A6B1C8E2-8FD6-47F7-A0F6-42C08954930D}.Release|Any CPU.Build.0 = Release|Any CPU
		{7722881B-F21A-411F-8B30-237E4F1BB6E0}.Debug|Any CPU.ActiveCfg = Debug|Any CPU
		{7722881B-F21A-411F-8B30-237E4F1BB6E0}.Debug|Any CPU.Build.0 = Debug|Any CPU
		{7722881B-F21A-411F-8B30-237E4F1BB6E0}.Release|Any CPU.ActiveCfg = Release|Any CPU
		{7722881B-F21A-411F-8B30-237E4F1BB6E0}.Release|Any CPU.Build.0 = Release|Any CPU
		{CFB8E3C2-79EE-436A-85CF-D04261CE4872}.Debug|Any CPU.ActiveCfg = Debug|Any CPU
		{CFB8E3C2-79EE-436A-85CF-D04261CE4872}.Debug|Any CPU.Build.0 = Debug|Any CPU
		{CFB8E3C2-79EE-436A-85CF-D04261CE4872}.Release|Any CPU.ActiveCfg = Release|Any CPU
		{CFB8E3C2-79EE-436A-85CF-D04261CE4872}.Release|Any CPU.Build.0 = Release|Any CPU
		{345984BD-EE2E-4254-916F-B307650E8CD2}.Debug|Any CPU.ActiveCfg = Debug|Any CPU
		{345984BD-EE2E-4254-916F-B307650E8CD2}.Debug|Any CPU.Build.0 = Debug|Any CPU
		{345984BD-EE2E-4254-916F-B307650E8CD2}.Release|Any CPU.ActiveCfg = Release|Any CPU
		{345984BD-EE2E-4254-916F-B307650E8CD2}.Release|Any CPU.Build.0 = Release|Any CPU
		{2B05244E-BA61-44CA-AA54-CDA0BCAAF82F}.Debug|Any CPU.ActiveCfg = Debug|Any CPU
		{2B05244E-BA61-44CA-AA54-CDA0BCAAF82F}.Debug|Any CPU.Build.0 = Debug|Any CPU
		{2B05244E-BA61-44CA-AA54-CDA0BCAAF82F}.Release|Any CPU.ActiveCfg = Release|Any CPU
		{2B05244E-BA61-44CA-AA54-CDA0BCAAF82F}.Release|Any CPU.Build.0 = Release|Any CPU
		{BC6CD2AC-C4B3-4E9E-B51C-066FF2DEACC6}.Debug|Any CPU.ActiveCfg = Debug|Any CPU
		{BC6CD2AC-C4B3-4E9E-B51C-066FF2DEACC6}.Debug|Any CPU.Build.0 = Debug|Any CPU
		{BC6CD2AC-C4B3-4E9E-B51C-066FF2DEACC6}.Release|Any CPU.ActiveCfg = Release|Any CPU
		{BC6CD2AC-C4B3-4E9E-B51C-066FF2DEACC6}.Release|Any CPU.Build.0 = Release|Any CPU
		{C7A39A89-ECEE-45BA-9A4B-8AAF658FBF90}.Debug|Any CPU.ActiveCfg = Debug|Any CPU
		{C7A39A89-ECEE-45BA-9A4B-8AAF658FBF90}.Debug|Any CPU.Build.0 = Debug|Any CPU
		{C7A39A89-ECEE-45BA-9A4B-8AAF658FBF90}.Release|Any CPU.ActiveCfg = Release|Any CPU
		{C7A39A89-ECEE-45BA-9A4B-8AAF658FBF90}.Release|Any CPU.Build.0 = Release|Any CPU
		{238500DA-4852-4898-ACCD-241ADB822686}.Debug|Any CPU.ActiveCfg = Debug|Any CPU
		{238500DA-4852-4898-ACCD-241ADB822686}.Debug|Any CPU.Build.0 = Debug|Any CPU
		{238500DA-4852-4898-ACCD-241ADB822686}.Release|Any CPU.ActiveCfg = Release|Any CPU
		{238500DA-4852-4898-ACCD-241ADB822686}.Release|Any CPU.Build.0 = Release|Any CPU
	EndGlobalSection
	GlobalSection(SolutionProperties) = preSolution
		HideSolutionNode = FALSE
	EndGlobalSection
	GlobalSection(ExtensibilityGlobals) = postSolution
		SolutionGuid = {F498F9B3-78E3-4ED4-AE16-A9F00491A517}
	EndGlobalSection
EndGlobal
